
Microsoft Visual Studio Solution File, Format Version 12.00
# Visual Studio 15
Project("{FAE04EC0-301F-11D3-BF4B-00C04F79EFBC}") = "Assembly-CSharp", "Assembly-CSharp.csproj", "{A398853A-D6AC-773E-EE32-6AED7152F38D}"
EndProject
Project("{FAE04EC0-301F-11D3-BF4B-00C04F79EFBC}") = "PhotonUnityNetworking.Utilities", "PhotonUnityNetworking.Utilities.csproj", "{AE054F4D-1510-4A48-BFA2-809BA696C708}"
EndProject
Project("{FAE04EC0-301F-11D3-BF4B-00C04F79EFBC}") = "PhotonRealtime", "PhotonRealtime.csproj", "{B050A2DB-A68C-1D95-813F-D673BC009198}"
EndProject
Project("{FAE04EC0-301F-11D3-BF4B-00C04F79EFBC}") = "PhotonChat", "PhotonChat.csproj", "{D53A55F3-80B8-354D-BB31-F4CA3B12AF0C}"
EndProject
Project("{FAE04EC0-301F-11D3-BF4B-00C04F79EFBC}") = "PhotonUnityNetworking", "PhotonUnityNetworking.csproj", "{FB8CAEAC-46C0-7A54-0815-3EA262067950}"
EndProject
Project("{FAE04EC0-301F-11D3-BF4B-00C04F79EFBC}") = "PhotonUnityNetworking.Editor", "PhotonUnityNetworking.Editor.csproj", "{6546C1A7-6451-B3E1-344A-D854E5D26D51}"
EndProject
Project("{FAE04EC0-301F-11D3-BF4B-00C04F79EFBC}") = "PhotonUnityNetworking.Utilities.PhotonPlayer.Editor", "PhotonUnityNetworking.Utilities.PhotonPlayer.Editor.csproj", "{7144E380-FEA2-BDDD-6540-DE9896E81675}"
EndProject
Project("{FAE04EC0-301F-11D3-BF4B-00C04F79EFBC}") = "PhotonUnityNetworking.Utilities.Culling.Editor", "PhotonUnityNetworking.Utilities.Culling.Editor.csproj", "{ED701AA3-4A2B-0916-77F6-F0A3EFF1F466}"
EndProject
Global
	GlobalSection(SolutionConfigurationPlatforms) = preSolution
		Debug|Any CPU = Debug|Any CPU
		Release|Any CPU = Release|Any CPU
	EndGlobalSection
	GlobalSection(ProjectConfigurationPlatforms) = postSolution
		{A398853A-D6AC-773E-EE32-6AED7152F38D}.Debug|Any CPU.ActiveCfg = Debug|Any CPU
		{A398853A-D6AC-773E-EE32-6AED7152F38D}.Debug|Any CPU.Build.0 = Debug|Any CPU
		{A398853A-D6AC-773E-EE32-6AED7152F38D}.Release|Any CPU.ActiveCfg = Release|Any CPU
		{A398853A-D6AC-773E-EE32-6AED7152F38D}.Release|Any CPU.Build.0 = Release|Any CPU
		{AE054F4D-1510-4A48-BFA2-809BA696C708}.Debug|Any CPU.ActiveCfg = Debug|Any CPU
		{AE054F4D-1510-4A48-BFA2-809BA696C708}.Debug|Any CPU.Build.0 = Debug|Any CPU
		{AE054F4D-1510-4A48-BFA2-809BA696C708}.Release|Any CPU.ActiveCfg = Release|Any CPU
		{AE054F4D-1510-4A48-BFA2-809BA696C708}.Release|Any CPU.Build.0 = Release|Any CPU
		{B050A2DB-A68C-1D95-813F-D673BC009198}.Debug|Any CPU.ActiveCfg = Debug|Any CPU
		{B050A2DB-A68C-1D95-813F-D673BC009198}.Debug|Any CPU.Build.0 = Debug|Any CPU
		{B050A2DB-A68C-1D95-813F-D673BC009198}.Release|Any CPU.ActiveCfg = Release|Any CPU
		{B050A2DB-A68C-1D95-813F-D673BC009198}.Release|Any CPU.Build.0 = Release|Any CPU
		{D53A55F3-80B8-354D-BB31-F4CA3B12AF0C}.Debug|Any CPU.ActiveCfg = Debug|Any CPU
		{D53A55F3-80B8-354D-BB31-F4CA3B12AF0C}.Debug|Any CPU.Build.0 = Debug|Any CPU
		{D53A55F3-80B8-354D-BB31-F4CA3B12AF0C}.Release|Any CPU.ActiveCfg = Release|Any CPU
		{D53A55F3-80B8-354D-BB31-F4CA3B12AF0C}.Release|Any CPU.Build.0 = Release|Any CPU
		{FB8CAEAC-46C0-7A54-0815-3EA262067950}.Debug|Any CPU.ActiveCfg = Debug|Any CPU
		{FB8CAEAC-46C0-7A54-0815-3EA262067950}.Debug|Any CPU.Build.0 = Debug|Any CPU
		{FB8CAEAC-46C0-7A54-0815-3EA262067950}.Release|Any CPU.ActiveCfg = Release|Any CPU
		{FB8CAEAC-46C0-7A54-0815-3EA262067950}.Release|Any CPU.Build.0 = Release|Any CPU
		{6546C1A7-6451-B3E1-344A-D854E5D26D51}.Debug|Any CPU.ActiveCfg = Debug|Any CPU
		{6546C1A7-6451-B3E1-344A-D854E5D26D51}.Debug|Any CPU.Build.0 = Debug|Any CPU
		{6546C1A7-6451-B3E1-344A-D854E5D26D51}.Release|Any CPU.ActiveCfg = Release|Any CPU
		{6546C1A7-6451-B3E1-344A-D854E5D26D51}.Release|Any CPU.Build.0 = Release|Any CPU
		{7144E380-FEA2-BDDD-6540-DE9896E81675}.Debug|Any CPU.ActiveCfg = Debug|Any CPU
		{7144E380-FEA2-BDDD-6540-DE9896E81675}.Debug|Any CPU.Build.0 = Debug|Any CPU
		{7144E380-FEA2-BDDD-6540-DE9896E81675}.Release|Any CPU.ActiveCfg = Release|Any CPU
		{7144E380-FEA2-BDDD-6540-DE9896E81675}.Release|Any CPU.Build.0 = Release|Any CPU
		{ED701AA3-4A2B-0916-77F6-F0A3EFF1F466}.Debug|Any CPU.ActiveCfg = Debug|Any CPU
		{ED701AA3-4A2B-0916-77F6-F0A3EFF1F466}.Debug|Any CPU.Build.0 = Debug|Any CPU
		{ED701AA3-4A2B-0916-77F6-F0A3EFF1F466}.Release|Any CPU.ActiveCfg = Release|Any CPU
		{ED701AA3-4A2B-0916-77F6-F0A3EFF1F466}.Release|Any CPU.Build.0 = Release|Any CPU
	EndGlobalSection
	GlobalSection(SolutionProperties) = preSolution
		HideSolutionNode = FALSE
	EndGlobalSection
EndGlobal
