
Microsoft Visual Studio Solution File, Format Version 12.00
# Visual Studio 15
Project("{FAE04EC0-301F-11D3-BF4B-00C04F79EFBC}") = "PhotonUnityNetworking.Utilities", "PhotonUnityNetworking.Utilities.csproj", "{AA0A2E69-4DD0-8543-A748-D628A5C9947A}"
EndProject
Project("{FAE04EC0-301F-11D3-BF4B-00C04F79EFBC}") = "PhotonUnityNetworking", "PhotonUnityNetworking.csproj", "{43A1F30C-04BA-EFD3-5C06-845829237C19}"
EndProject
Project("{FAE04EC0-301F-11D3-BF4B-00C04F79EFBC}") = "Assembly-CSharp", "Assembly-CSharp.csproj", "{550C17E0-443E-1E56-81A8-A30416892C9E}"
EndProject
Project("{FAE04EC0-301F-11D3-BF4B-00C04F79EFBC}") = "PhotonChat", "PhotonChat.csproj", "{5493E262-A068-53FB-786C-0C9DEE439385}"
EndProject
Project("{FAE04EC0-301F-11D3-BF4B-00C04F79EFBC}") = "PhotonRealtime", "PhotonRealtime.csproj", "{D2AFC276-7FBD-FABF-B9ED-BD44262A86FD}"
EndProject
Project("{FAE04EC0-301F-11D3-BF4B-00C04F79EFBC}") = "PhotonUnityNetworking.Editor", "PhotonUnityNetworking.Editor.csproj", "{F38D1B26-55E4-DB7C-458A-1A4A45D85F2F}"
EndProject
Project("{FAE04EC0-301F-11D3-BF4B-00C04F79EFBC}") = "PhotonUnityNetworking.Utilities.PhotonPlayer.Editor", "PhotonUnityNetworking.Utilities.PhotonPlayer.Editor.csproj", "{B899A1CF-DA48-BDED-1A04-A586BA51CE03}"
EndProject
Project("{FAE04EC0-301F-11D3-BF4B-00C04F79EFBC}") = "PhotonUnityNetworking.Utilities.Culling.Editor", "PhotonUnityNetworking.Utilities.Culling.Editor.csproj", "{AA389364-119D-0C98-7680-689DC26E2E7F}"
EndProject
Global
	GlobalSection(SolutionConfigurationPlatforms) = preSolution
		Debug|Any CPU = Debug|Any CPU
		Release|Any CPU = Release|Any CPU
	EndGlobalSection
	GlobalSection(ProjectConfigurationPlatforms) = postSolution
		{AA0A2E69-4DD0-8543-A748-D628A5C9947A}.Debug|Any CPU.ActiveCfg = Debug|Any CPU
		{AA0A2E69-4DD0-8543-A748-D628A5C9947A}.Debug|Any CPU.Build.0 = Debug|Any CPU
		{AA0A2E69-4DD0-8543-A748-D628A5C9947A}.Release|Any CPU.ActiveCfg = Release|Any CPU
		{AA0A2E69-4DD0-8543-A748-D628A5C9947A}.Release|Any CPU.Build.0 = Release|Any CPU
		{43A1F30C-04BA-EFD3-5C06-845829237C19}.Debug|Any CPU.ActiveCfg = Debug|Any CPU
		{43A1F30C-04BA-EFD3-5C06-845829237C19}.Debug|Any CPU.Build.0 = Debug|Any CPU
		{43A1F30C-04BA-EFD3-5C06-845829237C19}.Release|Any CPU.ActiveCfg = Release|Any CPU
		{43A1F30C-04BA-EFD3-5C06-845829237C19}.Release|Any CPU.Build.0 = Release|Any CPU
		{550C17E0-443E-1E56-81A8-A30416892C9E}.Debug|Any CPU.ActiveCfg = Debug|Any CPU
		{550C17E0-443E-1E56-81A8-A30416892C9E}.Debug|Any CPU.Build.0 = Debug|Any CPU
		{550C17E0-443E-1E56-81A8-A30416892C9E}.Release|Any CPU.ActiveCfg = Release|Any CPU
		{550C17E0-443E-1E56-81A8-A30416892C9E}.Release|Any CPU.Build.0 = Release|Any CPU
		{5493E262-A068-53FB-786C-0C9DEE439385}.Debug|Any CPU.ActiveCfg = Debug|Any CPU
		{5493E262-A068-53FB-786C-0C9DEE439385}.Debug|Any CPU.Build.0 = Debug|Any CPU
		{5493E262-A068-53FB-786C-0C9DEE439385}.Release|Any CPU.ActiveCfg = Release|Any CPU
		{5493E262-A068-53FB-786C-0C9DEE439385}.Release|Any CPU.Build.0 = Release|Any CPU
		{D2AFC276-7FBD-FABF-B9ED-BD44262A86FD}.Debug|Any CPU.ActiveCfg = Debug|Any CPU
		{D2AFC276-7FBD-FABF-B9ED-BD44262A86FD}.Debug|Any CPU.Build.0 = Debug|Any CPU
		{D2AFC276-7FBD-FABF-B9ED-BD44262A86FD}.Release|Any CPU.ActiveCfg = Release|Any CPU
		{D2AFC276-7FBD-FABF-B9ED-BD44262A86FD}.Release|Any CPU.Build.0 = Release|Any CPU
		{F38D1B26-55E4-DB7C-458A-1A4A45D85F2F}.Debug|Any CPU.ActiveCfg = Debug|Any CPU
		{F38D1B26-55E4-DB7C-458A-1A4A45D85F2F}.Debug|Any CPU.Build.0 = Debug|Any CPU
		{F38D1B26-55E4-DB7C-458A-1A4A45D85F2F}.Release|Any CPU.ActiveCfg = Release|Any CPU
		{F38D1B26-55E4-DB7C-458A-1A4A45D85F2F}.Release|Any CPU.Build.0 = Release|Any CPU
		{B899A1CF-DA48-BDED-1A04-A586BA51CE03}.Debug|Any CPU.ActiveCfg = Debug|Any CPU
		{B899A1CF-DA48-BDED-1A04-A586BA51CE03}.Debug|Any CPU.Build.0 = Debug|Any CPU
		{B899A1CF-DA48-BDED-1A04-A586BA51CE03}.Release|Any CPU.ActiveCfg = Release|Any CPU
		{B899A1CF-DA48-BDED-1A04-A586BA51CE03}.Release|Any CPU.Build.0 = Release|Any CPU
		{AA389364-119D-0C98-7680-689DC26E2E7F}.Debug|Any CPU.ActiveCfg = Debug|Any CPU
		{AA389364-119D-0C98-7680-689DC26E2E7F}.Debug|Any CPU.Build.0 = Debug|Any CPU
		{AA389364-119D-0C98-7680-689DC26E2E7F}.Release|Any CPU.ActiveCfg = Release|Any CPU
		{AA389364-119D-0C98-7680-689DC26E2E7F}.Release|Any CPU.Build.0 = Release|Any CPU
	EndGlobalSection
	GlobalSection(SolutionProperties) = preSolution
		HideSolutionNode = FALSE
	EndGlobalSection
EndGlobal
